
Microsoft Visual Studio Solution File, Format Version 12.00
# Visual Studio Version 16
VisualStudioVersion = 16.0.32106.194
MinimumVisualStudioVersion = 10.0.40219.1
Project("{FAE04EC0-301F-11D3-BF4B-00C04F79EFBC}") = "CA3 Blackjack", "CA3 Blackjack.csproj", "{892F4870-45CB-4916-BBB9-ED645F560AA0}"
EndProject
Global
	GlobalSection(SolutionConfigurationPlatforms) = preSolution
		Debug|Any CPU = Debug|Any CPU
		Release|Any CPU = Release|Any CPU
	EndGlobalSection
	GlobalSection(ProjectConfigurationPlatforms) = postSolution
		{892F4870-45CB-4916-BBB9-ED645F560AA0}.Debug|Any CPU.ActiveCfg = Debug|Any CPU
		{892F4870-45CB-4916-BBB9-ED645F560AA0}.Debug|Any CPU.Build.0 = Debug|Any CPU
		{892F4870-45CB-4916-BBB9-ED645F560AA0}.Release|Any CPU.ActiveCfg = Release|Any CPU
		{892F4870-45CB-4916-BBB9-ED645F560AA0}.Release|Any CPU.Build.0 = Release|Any CPU
	EndGlobalSection
	GlobalSection(SolutionProperties) = preSolution
		HideSolutionNode = FALSE
	EndGlobalSection
	GlobalSection(ExtensibilityGlobals) = postSolution
		SolutionGuid = {3F4EB2F1-999E-40C2-85EE-F6D3B1DD5E49}
	EndGlobalSection
EndGlobal
